
Microsoft Visual Studio Solution File, Format Version 12.00
# Visual Studio Version 17
VisualStudioVersion = 17.4.33122.133
MinimumVisualStudioVersion = 10.0.40219.1
Project("{FAE04EC0-301F-11D3-BF4B-00C04F79EFBC}") = "DapperCrud", "DapperCrud\DapperCrud.csproj", "{BE23E23E-1FD3-4771-8410-9A00ADD8DE58}"
EndProject
Global
	GlobalSection(SolutionConfigurationPlatforms) = preSolution
		Debug|Any CPU = Debug|Any CPU
		Release|Any CPU = Release|Any CPU
	EndGlobalSection
	GlobalSection(ProjectConfigurationPlatforms) = postSolution
		{BE23E23E-1FD3-4771-8410-9A00ADD8DE58}.Debug|Any CPU.ActiveCfg = Debug|Any CPU
		{BE23E23E-1FD3-4771-8410-9A00ADD8DE58}.Debug|Any CPU.Build.0 = Debug|Any CPU
		{BE23E23E-1FD3-4771-8410-9A00ADD8DE58}.Release|Any CPU.ActiveCfg = Release|Any CPU
		{BE23E23E-1FD3-4771-8410-9A00ADD8DE58}.Release|Any CPU.Build.0 = Release|Any CPU
	EndGlobalSection
	GlobalSection(SolutionProperties) = preSolution
		HideSolutionNode = FALSE
	EndGlobalSection
	GlobalSection(ExtensibilityGlobals) = postSolution
		SolutionGuid = {6C1B6888-E736-4FB7-A5C1-6EB6498DA1BA}
	EndGlobalSection
EndGlobal
